{
  "version": 4,
  "terraform_version": "1.14.3",
  "serial": 4,
  "lineage": "fca045f8-7135-a8e4-27ed-d7470288ec2a",
  "outputs": {
    "public_ip": {
      "value": "52.66.249.82",
      "type": "string"
    }
  },
  "resources": [
    {
      "mode": "data",
      "type": "aws_ami",
      "name": "ubuntu",
      "provider": "provider[\"registry.terraform.io/hashicorp/aws\"]",
      "instances": [
        {
          "schema_version": 0,
          "attributes": {
            "allow_unsafe_filter": null,
            "architecture": "x86_64",
            "arn": "arn:aws:ec2:ap-south-1::image/ami-0ff91eb5c6fe7cc86",
            "block_device_mappings": [
              {
                "device_name": "/dev/sda1",
                "ebs": {
                  "delete_on_termination": "true",
                  "encrypted": "false",
                  "iops": "0",
                  "snapshot_id": "snap-0f09bb3a4d22a695d",
                  "throughput": "0",
                  "volume_initialization_rate": "0",
                  "volume_size": "8",
                  "volume_type": "gp2"
                },
                "no_device": "",
                "virtual_name": ""
              },
              {
                "device_name": "/dev/sdb",
                "ebs": {},
                "no_device": "",
                "virtual_name": "ephemeral0"
              },
              {
                "device_name": "/dev/sdc",
                "ebs": {},
                "no_device": "",
                "virtual_name": "ephemeral1"
              }
            ],
            "boot_mode": "uefi-preferred",
            "creation_date": "2025-12-12T06:53:59.000Z",
            "deprecation_time": "2027-12-12T06:53:59.000Z",
            "description": "Canonical, Ubuntu, 22.04, amd64 jammy image",
            "ena_support": true,
            "executable_users": null,
            "filter": [
              {
                "name": "name",
                "values": [
                  "ubuntu/images/hvm-ssd/ubuntu-jammy-22.04-amd64-server-*"
                ]
              }
            ],
            "hypervisor": "xen",
            "id": "ami-0ff91eb5c6fe7cc86",
            "image_id": "ami-0ff91eb5c6fe7cc86",
            "image_location": "amazon/ubuntu/images/hvm-ssd/ubuntu-jammy-22.04-amd64-server-20251212",
            "image_owner_alias": "amazon",
            "image_type": "machine",
            "imds_support": "",
            "include_deprecated": false,
            "kernel_id": "",
            "last_launched_time": "",
            "most_recent": true,
            "name": "ubuntu/images/hvm-ssd/ubuntu-jammy-22.04-amd64-server-20251212",
            "name_regex": null,
            "owner_id": "099720109477",
            "owners": [
              "099720109477"
            ],
            "platform": "",
            "platform_details": "Linux/UNIX",
            "product_codes": [],
            "public": true,
            "ramdisk_id": "",
            "region": "ap-south-1",
            "root_device_name": "/dev/sda1",
            "root_device_type": "ebs",
            "root_snapshot_id": "snap-0f09bb3a4d22a695d",
            "sriov_net_support": "simple",
            "state": "available",
            "state_reason": {
              "code": "UNSET",
              "message": "UNSET"
            },
            "tags": {},
            "timeouts": null,
            "tpm_support": "",
            "uefi_data": null,
            "usage_operation": "RunInstances",
            "virtualization_type": "hvm"
          },
          "sensitive_attributes": [],
          "identity_schema_version": 0
        }
      ]
    },
    {
      "mode": "managed",
      "type": "aws_instance",
      "name": "app_server",
      "provider": "provider[\"registry.terraform.io/hashicorp/aws\"]",
      "instances": [
        {
          "schema_version": 2,
          "attributes": {
            "ami": "ami-0ff91eb5c6fe7cc86",
            "arn": "arn:aws:ec2:ap-south-1:196766918800:instance/i-0e61f195a239dfee0",
            "associate_public_ip_address": true,
            "availability_zone": "ap-south-1b",
            "capacity_reservation_specification": [
              {
                "capacity_reservation_preference": "open",
                "capacity_reservation_target": []
              }
            ],
            "cpu_options": [
              {
                "amd_sev_snp": "",
                "core_count": 1,
                "threads_per_core": 2
              }
            ],
            "credit_specification": [
              {
                "cpu_credits": "unlimited"
              }
            ],
            "disable_api_stop": false,
            "disable_api_termination": false,
            "ebs_block_device": [],
            "ebs_optimized": false,
            "enable_primary_ipv6": null,
            "enclave_options": [
              {
                "enabled": false
              }
            ],
            "ephemeral_block_device": [],
            "force_destroy": false,
            "get_password_data": false,
            "hibernation": false,
            "host_id": "",
            "host_resource_group_arn": null,
            "iam_instance_profile": "",
            "id": "i-0e61f195a239dfee0",
            "instance_initiated_shutdown_behavior": "stop",
            "instance_lifecycle": "",
            "instance_market_options": [],
            "instance_state": "running",
            "instance_type": "t3.small",
            "ipv6_address_count": 0,
            "ipv6_addresses": [],
            "key_name": "wealthweb-key",
            "launch_template": [],
            "maintenance_options": [
              {
                "auto_recovery": "default"
              }
            ],
            "metadata_options": [
              {
                "http_endpoint": "enabled",
                "http_protocol_ipv6": "disabled",
                "http_put_response_hop_limit": 1,
                "http_tokens": "optional",
                "instance_metadata_tags": "disabled"
              }
            ],
            "monitoring": false,
            "network_interface": [],
            "outpost_arn": "",
            "password_data": "",
            "placement_group": "",
            "placement_group_id": "",
            "placement_partition_number": 0,
            "primary_network_interface": [
              {
                "delete_on_termination": true,
                "network_interface_id": "eni-0f9aa84d81d4cb9d3"
              }
            ],
            "primary_network_interface_id": "eni-0f9aa84d81d4cb9d3",
            "private_dns": "ip-172-31-14-162.ap-south-1.compute.internal",
            "private_dns_name_options": [
              {
                "enable_resource_name_dns_a_record": false,
                "enable_resource_name_dns_aaaa_record": false,
                "hostname_type": "ip-name"
              }
            ],
            "private_ip": "172.31.14.162",
            "public_dns": "ec2-52-66-249-82.ap-south-1.compute.amazonaws.com",
            "public_ip": "52.66.249.82",
            "region": "ap-south-1",
            "root_block_device": [
              {
                "delete_on_termination": true,
                "device_name": "/dev/sda1",
                "encrypted": false,
                "iops": 100,
                "kms_key_id": "",
                "tags": null,
                "tags_all": {},
                "throughput": 0,
                "volume_id": "vol-034b404d65f4474a2",
                "volume_size": 20,
                "volume_type": "gp2"
              }
            ],
            "secondary_private_ips": [],
            "security_groups": [
              "wealthweb-sg"
            ],
            "source_dest_check": true,
            "spot_instance_request_id": "",
            "subnet_id": "subnet-035e9fd02069fc2b2",
            "tags": {
              "Name": "TheWealthWeb-Server"
            },
            "tags_all": {
              "Name": "TheWealthWeb-Server"
            },
            "tenancy": "default",
            "timeouts": null,
            "user_data": "#!/bin/bash\r\n# Install Docker \u0026 Docker Compose\r\napt-get update\r\napt-get install -y ca-certificates curl gnupg\r\ninstall -m 0755 -d /etc/apt/keyrings\r\ncurl -fsSL https://download.docker.com/linux/ubuntu/gpg | gpg --dearmor -o /etc/apt/keyrings/docker.gpg\r\nchmod a+r /etc/apt/keyrings/docker.gpg\r\necho \"deb [arch=$(dpkg --print-architecture) signed-by=/etc/apt/keyrings/docker.gpg] https://download.docker.com/linux/ubuntu $(lsb_release -cs) stable\" | tee /etc/apt/sources.list.d/docker.list \u003e /dev/null\r\napt-get update\r\napt-get install -y docker-ce docker-ce-cli containerd.io docker-buildx-plugin docker-compose-plugin\r\n\r\n# Allow 'ubuntu' user to run docker without sudo\r\nusermod -aG docker ubuntu\r\n",
            "user_data_base64": null,
            "user_data_replace_on_change": false,
            "volume_tags": null,
            "vpc_security_group_ids": [
              "sg-0c66766c194811d1d"
            ]
          },
          "sensitive_attributes": [],
          "identity_schema_version": 0,
          "identity": {
            "account_id": "196766918800",
            "id": "i-0e61f195a239dfee0",
            "region": "ap-south-1"
          },
          "private": "eyJlMmJmYjczMC1lY2FhLTExZTYtOGY4OC0zNDM2M2JjN2M0YzAiOnsiY3JlYXRlIjo2MDAwMDAwMDAwMDAsImRlbGV0ZSI6MTIwMDAwMDAwMDAwMCwicmVhZCI6OTAwMDAwMDAwMDAwLCJ1cGRhdGUiOjYwMDAwMDAwMDAwMH0sInNjaGVtYV92ZXJzaW9uIjoiMiJ9",
          "dependencies": [
            "aws_key_pair.deployer",
            "aws_security_group.app_sg",
            "data.aws_ami.ubuntu"
          ]
        }
      ]
    },
    {
      "mode": "managed",
      "type": "aws_key_pair",
      "name": "deployer",
      "provider": "provider[\"registry.terraform.io/hashicorp/aws\"]",
      "instances": [
        {
          "schema_version": 1,
          "attributes": {
            "arn": "arn:aws:ec2:ap-south-1:196766918800:key-pair/wealthweb-key",
            "fingerprint": "c7:24:40:09:94:4f:bb:99:d0:ff:ae:b0:9d:01:f0:15",
            "id": "wealthweb-key",
            "key_name": "wealthweb-key",
            "key_name_prefix": "",
            "key_pair_id": "key-08683cf51c5f085b0",
            "key_type": "rsa",
            "public_key": "ssh-rsa AAAAB3NzaC1yc2EAAAADAQABAAACAQDwCVs0/QOARCM7WyAjwT8Z+OFfHHv9O+rNSOdjdzNzGmewi9FlHfUi1W04BNpH9hfaJIiJUMbEVZg/zXALdI5xlIKrqoBfdVst7Z4sFkMEpqYMXDzveM7bf9vOWQROVWjCjVuJ2deojDX5upIv6uq+MbtOmMEG8VqAmPF2O6MOCSC8HzUjJ0ce8mEQ+a1vetesQv0wNhplI/KE9jDTtijaNyvSwqam8pKp52S3L3Yqa/tquk9Rmb2XjJEmwaNayoNQbufIhqExSdU9CkhMeSyBC/4g0myuuicUFAd28QRYbxu+s4wdnlIjXtm7WtFGCSQ9UwKFPeZ8wDWYWgEUZVLxIlUe2sZYnTWUpUlw8eqKKFXB+hPsWIRMGTS7uPaH2mTnswFXOh3MFCGTg5se6LBwagWiWklHVbbarjqEzB00Am3wUqRNLrjEDNziHGrMCO4MCrxy803h5tKCb8czMYqeOoPrZCZ05Ed7Mw0jV1B+Zkj6DS9BVjIk087xQvBI2ttY8l/TUosZfeXFW/HJiHYLNi0JsJCg+cAaMBBJyQfwZWlZL13sIiSh2BNvOgBCAoBKoLUTSAdBi3VHP4lKx+XiNkGRnK88ZiOw5WazoxSQzqG/G07Gy/7t47idRZ8s8JfWmtGIvse3sI/fW40muDbYDo+7UE2jg8hT6BczamW/4Q== hi@USER",
            "region": "ap-south-1",
            "tags": null,
            "tags_all": {}
          },
          "sensitive_attributes": [],
          "identity_schema_version": 0,
          "private": "eyJzY2hlbWFfdmVyc2lvbiI6IjEifQ=="
        }
      ]
    },
    {
      "mode": "managed",
      "type": "aws_security_group",
      "name": "app_sg",
      "provider": "provider[\"registry.terraform.io/hashicorp/aws\"]",
      "instances": [
        {
          "schema_version": 1,
          "attributes": {
            "arn": "arn:aws:ec2:ap-south-1:196766918800:security-group/sg-0c66766c194811d1d",
            "description": "Allow SSH and HTTP traffic",
            "egress": [
              {
                "cidr_blocks": [
                  "0.0.0.0/0"
                ],
                "description": "",
                "from_port": 0,
                "ipv6_cidr_blocks": [],
                "prefix_list_ids": [],
                "protocol": "-1",
                "security_groups": [],
                "self": false,
                "to_port": 0
              }
            ],
            "id": "sg-0c66766c194811d1d",
            "ingress": [
              {
                "cidr_blocks": [
                  "0.0.0.0/0"
                ],
                "description": "",
                "from_port": 22,
                "ipv6_cidr_blocks": [],
                "prefix_list_ids": [],
                "protocol": "tcp",
                "security_groups": [],
                "self": false,
                "to_port": 22
              },
              {
                "cidr_blocks": [
                  "0.0.0.0/0"
                ],
                "description": "",
                "from_port": 8080,
                "ipv6_cidr_blocks": [],
                "prefix_list_ids": [],
                "protocol": "tcp",
                "security_groups": [],
                "self": false,
                "to_port": 8080
              }
            ],
            "name": "wealthweb-sg",
            "name_prefix": "",
            "owner_id": "196766918800",
            "region": "ap-south-1",
            "revoke_rules_on_delete": false,
            "tags": null,
            "tags_all": {},
            "timeouts": null,
            "vpc_id": "vpc-0012e98b1d988c2da"
          },
          "sensitive_attributes": [],
          "identity_schema_version": 0,
          "identity": {
            "account_id": "196766918800",
            "id": "sg-0c66766c194811d1d",
            "region": "ap-south-1"
          },
          "private": "eyJlMmJmYjczMC1lY2FhLTExZTYtOGY4OC0zNDM2M2JjN2M0YzAiOnsiY3JlYXRlIjo2MDAwMDAwMDAwMDAsImRlbGV0ZSI6OTAwMDAwMDAwMDAwfSwic2NoZW1hX3ZlcnNpb24iOiIxIn0="
        }
      ]
    }
  ],
  "check_results": null
}
